# THIS IS AN AUTOGENERATED FILE. DO NOT EDIT THIS FILE DIRECTLY.
# yarn lockfile v1


bignumber.js@3.1.2:
  version "3.1.2"
  resolved "https://registry.yarnpkg.com/bignumber.js/-/bignumber.js-3.1.2.tgz#f3bdb99ad5268a15fc1f0bed2fb018e2693fe236"

bluebird@^3.3.4, bluebird@^3.4.6:
  version "3.4.7"
  resolved "https://registry.yarnpkg.com/bluebird/-/bluebird-3.4.7.tgz#f72d760be09b7f76d08ed8fae98b289a8d05fab3"

core-util-is@~1.0.0:
  version "1.0.2"
  resolved "https://registry.yarnpkg.com/core-util-is/-/core-util-is-1.0.2.tgz#b5fd54220aa2bc5ab57aab7140c940754503c1a7"

cross-env@^3.1.2:
  version "3.1.4"
  resolved "https://registry.yarnpkg.com/cross-env/-/cross-env-3.1.4.tgz#56e8bca96f17908a6eb1bc2012ca126f92842130"
  dependencies:
    cross-spawn "^3.0.1"

cross-spawn@^3.0.1:
  version "3.0.1"
  resolved "https://registry.yarnpkg.com/cross-spawn/-/cross-spawn-3.0.1.tgz#1256037ecb9f0c5f79e3d6ef135e30770184b982"
  dependencies:
    lru-cache "^4.0.1"
    which "^1.2.9"

debug@^2.2.0:
  version "2.6.0"
  resolved "https://registry.yarnpkg.com/debug/-/debug-2.6.0.tgz#bc596bcabe7617f11d9fa15361eded5608b8499b"
  dependencies:
    ms "0.7.2"

depd@^1.1.0:
  version "1.1.0"
  resolved "https://registry.yarnpkg.com/depd/-/depd-1.1.0.tgz#e1bd82c6aab6ced965b97b88b17ed3e528ca18c3"

dottie@^1.0.0:
  version "1.1.1"
  resolved "https://registry.yarnpkg.com/dottie/-/dottie-1.1.1.tgz#45c2a3f48bd6528eeed267a69a848eaaca6faa6a"

generic-pool@2.4.2:
  version "2.4.2"
  resolved "https://registry.yarnpkg.com/generic-pool/-/generic-pool-2.4.2.tgz#886bc5bf0beb7db96e81bcbba078818de5a62683"

inflection@^1.6.0:
  version "1.10.0"
  resolved "https://registry.yarnpkg.com/inflection/-/inflection-1.10.0.tgz#5bffcb1197ad3e81050f8e17e21668087ee9eb2f"

inherits@~2.0.1:
  version "2.0.3"
  resolved "https://registry.yarnpkg.com/inherits/-/inherits-2.0.3.tgz#633c2c83e3da42a502f52466022480f4208261de"

isarray@0.0.1:
  version "0.0.1"
  resolved "https://registry.yarnpkg.com/isarray/-/isarray-0.0.1.tgz#8a18acfca9a8f4177e09abfc6038939b05d1eedf"

isexe@^1.1.1:
  version "1.1.2"
  resolved "https://registry.yarnpkg.com/isexe/-/isexe-1.1.2.tgz#36f3e22e60750920f5e7241a476a8c6a42275ad0"

lodash@4.12.0:
  version "4.12.0"
  resolved "https://registry.yarnpkg.com/lodash/-/lodash-4.12.0.tgz#2bd6dc46a040f59e686c972ed21d93dc59053258"

lru-cache@^4.0.1:
  version "4.0.2"
  resolved "https://registry.yarnpkg.com/lru-cache/-/lru-cache-4.0.2.tgz#1d17679c069cda5d040991a09dbc2c0db377e55e"
  dependencies:
    pseudomap "^1.0.1"
    yallist "^2.0.0"

moment-timezone@^0.5.4:
  version "0.5.11"
  resolved "https://registry.yarnpkg.com/moment-timezone/-/moment-timezone-0.5.11.tgz#9b76c03d8ef514c7e4249a7bbce649eed39ef29f"
  dependencies:
    moment ">= 2.6.0"

"moment@>= 2.6.0", moment@^2.13.0:
  version "2.17.1"
  resolved "https://registry.yarnpkg.com/moment/-/moment-2.17.1.tgz#fed9506063f36b10f066c8b59a144d7faebe1d82"

ms@0.7.2:
  version "0.7.2"
  resolved "https://registry.yarnpkg.com/ms/-/ms-0.7.2.tgz#ae25cf2512b3885a1d95d7f037868d8431124765"

mysql@^2.13.0:
  version "2.13.0"
  resolved "https://registry.yarnpkg.com/mysql/-/mysql-2.13.0.tgz#998f1f8ca46e2e3dd7149ce982413653986aae47"
  dependencies:
    bignumber.js "3.1.2"
    readable-stream "1.1.14"
    sqlstring "2.2.0"

node-uuid@~1.4.4:
  version "1.4.7"
  resolved "https://registry.yarnpkg.com/node-uuid/-/node-uuid-1.4.7.tgz#6da5a17668c4b3dd59623bda11cf7fa4c1f60a6f"

pseudomap@^1.0.1:
  version "1.0.2"
  resolved "https://registry.yarnpkg.com/pseudomap/-/pseudomap-1.0.2.tgz#f052a28da70e618917ef0a8ac34c1ae5a68286b3"

readable-stream@1.1.14:
  version "1.1.14"
  resolved "https://registry.yarnpkg.com/readable-stream/-/readable-stream-1.1.14.tgz#7cf4c54ef648e3813084c636dd2079e166c081d9"
  dependencies:
    core-util-is "~1.0.0"
    inherits "~2.0.1"
    isarray "0.0.1"
    string_decoder "~0.10.x"

retry-as-promised@^2.0.0:
  version "2.2.0"
  resolved "https://registry.yarnpkg.com/retry-as-promised/-/retry-as-promised-2.2.0.tgz#b0463d7fd3cf5b2fed64500ab6e8b8a49c5b8e6c"
  dependencies:
    bluebird "^3.4.6"
    cross-env "^3.1.2"
    debug "^2.2.0"

semver@^5.0.1:
  version "5.3.0"
  resolved "https://registry.yarnpkg.com/semver/-/semver-5.3.0.tgz#9b2ce5d3de02d17c6012ad326aa6b4d0cf54f94f"

sequelize@^3.30.0:
  version "3.30.0"
  resolved "https://registry.yarnpkg.com/sequelize/-/sequelize-3.30.0.tgz#84dfb6ed3e9a93ff6e4744deabdd3f8f878ff180"
  dependencies:
    bluebird "^3.3.4"
    depd "^1.1.0"
    dottie "^1.0.0"
    generic-pool "2.4.2"
    inflection "^1.6.0"
    lodash "4.12.0"
    moment "^2.13.0"
    moment-timezone "^0.5.4"
    node-uuid "~1.4.4"
    retry-as-promised "^2.0.0"
    semver "^5.0.1"
    shimmer "1.1.0"
    terraformer-wkt-parser "^1.1.0"
    toposort-class "^1.0.1"
    validator "^5.2.0"
    wkx "0.2.0"

shimmer@1.1.0:
  version "1.1.0"
  resolved "https://registry.yarnpkg.com/shimmer/-/shimmer-1.1.0.tgz#97d7377137ffbbab425522e429fe0aa89a488b35"

sqlstring@2.2.0:
  version "2.2.0"
  resolved "https://registry.yarnpkg.com/sqlstring/-/sqlstring-2.2.0.tgz#c3135c4ea8abcd7e7ee741a4966a891d86a4f191"

string_decoder@~0.10.x:
  version "0.10.31"
  resolved "https://registry.yarnpkg.com/string_decoder/-/string_decoder-0.10.31.tgz#62e203bc41766c6c28c9fc84301dab1c5310fa94"

terraformer-wkt-parser@^1.1.0:
  version "1.1.2"
  resolved "https://registry.yarnpkg.com/terraformer-wkt-parser/-/terraformer-wkt-parser-1.1.2.tgz#336a0c8fc82094a5aff83288f69aedecd369bf0c"
  dependencies:
    terraformer "~1.0.5"

terraformer@~1.0.5:
  version "1.0.7"
  resolved "https://registry.yarnpkg.com/terraformer/-/terraformer-1.0.7.tgz#d8a19a56fbf25966ea062d21f515b93589702d69"

toposort-class@^1.0.1:
  version "1.0.1"
  resolved "https://registry.yarnpkg.com/toposort-class/-/toposort-class-1.0.1.tgz#7ffd1f78c8be28c3ba45cd4e1a3f5ee193bd9988"

validator@^5.2.0:
  version "5.7.0"
  resolved "https://registry.yarnpkg.com/validator/-/validator-5.7.0.tgz#7a87a58146b695ac486071141c0c49d67da05e5c"

which@^1.2.9:
  version "1.2.12"
  resolved "https://registry.yarnpkg.com/which/-/which-1.2.12.tgz#de67b5e450269f194909ef23ece4ebe416fa1192"
  dependencies:
    isexe "^1.1.1"

wkx@0.2.0:
  version "0.2.0"
  resolved "https://registry.yarnpkg.com/wkx/-/wkx-0.2.0.tgz#76c24f16acd0cd8f93cd34aa331e0f7961256e84"

yallist@^2.0.0:
  version "2.0.0"
  resolved "https://registry.yarnpkg.com/yallist/-/yallist-2.0.0.tgz#306c543835f09ee1a4cb23b7bce9ab341c91cdd4"
